
Microsoft Visual Studio Solution File, Format Version 12.00
# Visual Studio Version 17
VisualStudioVersion = 17.10.34928.147
MinimumVisualStudioVersion = 10.0.40219.1
Project("{FAE04EC0-301F-11D3-BF4B-00C04F79EFBC}") = "TokenGenerationApi", "TokenGenerationApi.csproj", "{73A36063-C3DF-44BA-9E6B-AEE45D711DEB}"
EndProject
Global
	GlobalSection(SolutionConfigurationPlatforms) = preSolution
		Debug|Any CPU = Debug|Any CPU
		Release|Any CPU = Release|Any CPU
	EndGlobalSection
	GlobalSection(ProjectConfigurationPlatforms) = postSolution
		{73A36063-C3DF-44BA-9E6B-AEE45D711DEB}.Debug|Any CPU.ActiveCfg = Debug|Any CPU
		{73A36063-C3DF-44BA-9E6B-AEE45D711DEB}.Debug|Any CPU.Build.0 = Debug|Any CPU
		{73A36063-C3DF-44BA-9E6B-AEE45D711DEB}.Release|Any CPU.ActiveCfg = Release|Any CPU
		{73A36063-C3DF-44BA-9E6B-AEE45D711DEB}.Release|Any CPU.Build.0 = Release|Any CPU
	EndGlobalSection
	GlobalSection(SolutionProperties) = preSolution
		HideSolutionNode = FALSE
	EndGlobalSection
	GlobalSection(ExtensibilityGlobals) = postSolution
		SolutionGuid = {E40DFA55-D879-4EE0-AA2E-59D5BB3DBA4B}
	EndGlobalSection
EndGlobal
